
Microsoft Visual Studio Solution File, Format Version 12.00
# Visual Studio Version 17
VisualStudioVersion = 17.8.34511.84
MinimumVisualStudioVersion = 10.0.40219.1
Project("{8BC9CEB8-8B4A-11D0-8D11-00A0C91BC942}") = "PeParser", "PeParser.vcxproj", "{CCBFCF50-BF40-45A7-AB26-8DFCA8A40A6A}"
EndProject
Global
	GlobalSection(SolutionConfigurationPlatforms) = preSolution
		Debug|x64 = Debug|x64
		Debug|x86 = Debug|x86
		Release|x64 = Release|x64
		Release|x86 = Release|x86
	EndGlobalSection
	GlobalSection(ProjectConfigurationPlatforms) = postSolution
		{CCBFCF50-BF40-45A7-AB26-8DFCA8A40A6A}.Debug|x64.ActiveCfg = Debug|x64
		{CCBFCF50-BF40-45A7-AB26-8DFCA8A40A6A}.Debug|x64.Build.0 = Debug|x64
		{CCBFCF50-BF40-45A7-AB26-8DFCA8A40A6A}.Debug|x86.ActiveCfg = Debug|Win32
		{CCBFCF50-BF40-45A7-AB26-8DFCA8A40A6A}.Debug|x86.Build.0 = Debug|Win32
		{CCBFCF50-BF40-45A7-AB26-8DFCA8A40A6A}.Release|x64.ActiveCfg = Release|x64
		{CCBFCF50-BF40-45A7-AB26-8DFCA8A40A6A}.Release|x64.Build.0 = Release|x64
		{CCBFCF50-BF40-45A7-AB26-8DFCA8A40A6A}.Release|x86.ActiveCfg = Release|Win32
		{CCBFCF50-BF40-45A7-AB26-8DFCA8A40A6A}.Release|x86.Build.0 = Release|Win32
	EndGlobalSection
	GlobalSection(SolutionProperties) = preSolution
		HideSolutionNode = FALSE
	EndGlobalSection
	GlobalSection(ExtensibilityGlobals) = postSolution
		SolutionGuid = {76E25772-2743-434D-9C58-5DA8B55C5462}
	EndGlobalSection
EndGlobal
